
Microsoft Visual Studio Solution File, Format Version 12.00
# Visual Studio Version 17
VisualStudioVersion = 17.10.34916.146
MinimumVisualStudioVersion = 10.0.40219.1
Project("{9A19103F-16F7-4668-BE54-9A1E7A4F7556}") = "DotNetChallenge.Web", "src\DotNetChallenge.Web\DotNetChallenge.Web.csproj", "{EC5349D0-B3CB-46B6-B0A4-B365368E6754}"
EndProject
Project("{2150E333-8FDC-42A3-9474-1A3956D46DE8}") = "src", "src", "{0954E040-FA6B-4B05-B1CC-DA324353D95A}"
EndProject
Project("{2150E333-8FDC-42A3-9474-1A3956D46DE8}") = "2 - infrastructure", "2 - infrastructure", "{62446D15-39C4-476F-8745-008E02F725A7}"
EndProject
Project("{2150E333-8FDC-42A3-9474-1A3956D46DE8}") = "3 - domain", "3 - domain", "{7AD39B46-9402-4EA8-8DFA-04E4C190E72B}"
EndProject
Project("{2150E333-8FDC-42A3-9474-1A3956D46DE8}") = "5 - application", "5 - application", "{565AB1AD-D3E1-4A97-B7E2-CA439DBB8EBE}"
EndProject
Project("{2150E333-8FDC-42A3-9474-1A3956D46DE8}") = "7 - tests", "7 - tests", "{4325DD74-D188-418F-88EE-21323857E411}"
EndProject
Project("{2150E333-8FDC-42A3-9474-1A3956D46DE8}") = "6 - crosscutting", "6 - crosscutting", "{852FF709-5609-4009-8159-AB7248CF7C56}"
EndProject
Project("{2150E333-8FDC-42A3-9474-1A3956D46DE8}") = "4 - service", "4 - service", "{74E79916-B229-4966-9438-3473F276CF4C}"
EndProject
Project("{9A19103F-16F7-4668-BE54-9A1E7A4F7556}") = "DotNetChallenge.Domain", "src\DotNetChallenge.Domain\DotNetChallenge.Domain.csproj", "{304D1C17-CC22-4D0D-A127-D7DFFE6C840E}"
EndProject
Project("{9A19103F-16F7-4668-BE54-9A1E7A4F7556}") = "DotNetChallenge.Crosscutting", "src\DotNetChallenge.Crosscutting\DotNetChallenge.Crosscutting.csproj", "{564B3A2A-94FA-4032-A3EB-76C0DB5C51D7}"
EndProject
Project("{2150E333-8FDC-42A3-9474-1A3956D46DE8}") = "Solution Items", "Solution Items", "{61C5276C-17A1-4D45-83D6-7FD8E428BC30}"
	ProjectSection(SolutionItems) = preProject
		.editorconfig = .editorconfig
	EndProjectSection
EndProject
Project("{2150E333-8FDC-42A3-9474-1A3956D46DE8}") = "4.1 - contracts", "4.1 - contracts", "{E92F9B86-A167-4037-B2DF-4E38FF82C2D7}"
EndProject
Project("{2150E333-8FDC-42A3-9474-1A3956D46DE8}") = "4.2 - implementations", "4.2 - implementations", "{E40A2307-3D4C-47E3-B3DC-FC105584A6EC}"
EndProject
Project("{9A19103F-16F7-4668-BE54-9A1E7A4F7556}") = "DotNetChallenge.Services.Contracts", "src\DotNetChallenge.Services.Contracts\DotNetChallenge.Services.Contracts.csproj", "{75746655-F4A0-4DCD-9A01-121C38B7ABBA}"
EndProject
Project("{9A19103F-16F7-4668-BE54-9A1E7A4F7556}") = "DotNetChallenge.Services.Implementations", "src\DotNetChallenge.Services.Implementations\DotNetChallenge.Services.Implementations.csproj", "{DEF690B7-C3AF-4430-BD76-DEF57F0BC70A}"
EndProject
Project("{2150E333-8FDC-42A3-9474-1A3956D46DE8}") = "2.1 - contracts", "2.1 - contracts", "{BEA3A839-24A5-4ACD-B917-094E98505213}"
EndProject
Project("{9A19103F-16F7-4668-BE54-9A1E7A4F7556}") = "DotNetChallenge.Infra.Contracts", "src\DotNetChallenge.Infra.Contracts\DotNetChallenge.Infra.Contracts.csproj", "{89D98EFD-DA14-4C2B-96D4-C3664AE34BEE}"
EndProject
Project("{2150E333-8FDC-42A3-9474-1A3956D46DE8}") = "2.2 - implementations", "2.2 - implementations", "{5696EE81-C155-4D6F-8A5E-F022FBB0D153}"
EndProject
Project("{9A19103F-16F7-4668-BE54-9A1E7A4F7556}") = "DotNetChallenge.Infra.Implementations", "src\DotNetChallenge.Infra.Implementations\DotNetChallenge.Infra.Implementations.csproj", "{97775169-A30F-46B8-A18A-557599332313}"
EndProject
Global
	GlobalSection(SolutionConfigurationPlatforms) = preSolution
		Debug|Any CPU = Debug|Any CPU
		Release|Any CPU = Release|Any CPU
	EndGlobalSection
	GlobalSection(ProjectConfigurationPlatforms) = postSolution
		{EC5349D0-B3CB-46B6-B0A4-B365368E6754}.Debug|Any CPU.ActiveCfg = Debug|Any CPU
		{EC5349D0-B3CB-46B6-B0A4-B365368E6754}.Debug|Any CPU.Build.0 = Debug|Any CPU
		{EC5349D0-B3CB-46B6-B0A4-B365368E6754}.Release|Any CPU.ActiveCfg = Release|Any CPU
		{EC5349D0-B3CB-46B6-B0A4-B365368E6754}.Release|Any CPU.Build.0 = Release|Any CPU
		{304D1C17-CC22-4D0D-A127-D7DFFE6C840E}.Debug|Any CPU.ActiveCfg = Debug|Any CPU
		{304D1C17-CC22-4D0D-A127-D7DFFE6C840E}.Debug|Any CPU.Build.0 = Debug|Any CPU
		{304D1C17-CC22-4D0D-A127-D7DFFE6C840E}.Release|Any CPU.ActiveCfg = Release|Any CPU
		{304D1C17-CC22-4D0D-A127-D7DFFE6C840E}.Release|Any CPU.Build.0 = Release|Any CPU
		{564B3A2A-94FA-4032-A3EB-76C0DB5C51D7}.Debug|Any CPU.ActiveCfg = Debug|Any CPU
		{564B3A2A-94FA-4032-A3EB-76C0DB5C51D7}.Debug|Any CPU.Build.0 = Debug|Any CPU
		{564B3A2A-94FA-4032-A3EB-76C0DB5C51D7}.Release|Any CPU.ActiveCfg = Release|Any CPU
		{564B3A2A-94FA-4032-A3EB-76C0DB5C51D7}.Release|Any CPU.Build.0 = Release|Any CPU
		{75746655-F4A0-4DCD-9A01-121C38B7ABBA}.Debug|Any CPU.ActiveCfg = Debug|Any CPU
		{75746655-F4A0-4DCD-9A01-121C38B7ABBA}.Debug|Any CPU.Build.0 = Debug|Any CPU
		{75746655-F4A0-4DCD-9A01-121C38B7ABBA}.Release|Any CPU.ActiveCfg = Release|Any CPU
		{75746655-F4A0-4DCD-9A01-121C38B7ABBA}.Release|Any CPU.Build.0 = Release|Any CPU
		{DEF690B7-C3AF-4430-BD76-DEF57F0BC70A}.Debug|Any CPU.ActiveCfg = Debug|Any CPU
		{DEF690B7-C3AF-4430-BD76-DEF57F0BC70A}.Debug|Any CPU.Build.0 = Debug|Any CPU
		{DEF690B7-C3AF-4430-BD76-DEF57F0BC70A}.Release|Any CPU.ActiveCfg = Release|Any CPU
		{DEF690B7-C3AF-4430-BD76-DEF57F0BC70A}.Release|Any CPU.Build.0 = Release|Any CPU
		{89D98EFD-DA14-4C2B-96D4-C3664AE34BEE}.Debug|Any CPU.ActiveCfg = Debug|Any CPU
		{89D98EFD-DA14-4C2B-96D4-C3664AE34BEE}.Debug|Any CPU.Build.0 = Debug|Any CPU
		{89D98EFD-DA14-4C2B-96D4-C3664AE34BEE}.Release|Any CPU.ActiveCfg = Release|Any CPU
		{89D98EFD-DA14-4C2B-96D4-C3664AE34BEE}.Release|Any CPU.Build.0 = Release|Any CPU
		{97775169-A30F-46B8-A18A-557599332313}.Debug|Any CPU.ActiveCfg = Debug|Any CPU
		{97775169-A30F-46B8-A18A-557599332313}.Debug|Any CPU.Build.0 = Debug|Any CPU
		{97775169-A30F-46B8-A18A-557599332313}.Release|Any CPU.ActiveCfg = Release|Any CPU
		{97775169-A30F-46B8-A18A-557599332313}.Release|Any CPU.Build.0 = Release|Any CPU
	EndGlobalSection
	GlobalSection(SolutionProperties) = preSolution
		HideSolutionNode = FALSE
	EndGlobalSection
	GlobalSection(NestedProjects) = preSolution
		{EC5349D0-B3CB-46B6-B0A4-B365368E6754} = {565AB1AD-D3E1-4A97-B7E2-CA439DBB8EBE}
		{62446D15-39C4-476F-8745-008E02F725A7} = {0954E040-FA6B-4B05-B1CC-DA324353D95A}
		{7AD39B46-9402-4EA8-8DFA-04E4C190E72B} = {0954E040-FA6B-4B05-B1CC-DA324353D95A}
		{565AB1AD-D3E1-4A97-B7E2-CA439DBB8EBE} = {0954E040-FA6B-4B05-B1CC-DA324353D95A}
		{4325DD74-D188-418F-88EE-21323857E411} = {0954E040-FA6B-4B05-B1CC-DA324353D95A}
		{852FF709-5609-4009-8159-AB7248CF7C56} = {0954E040-FA6B-4B05-B1CC-DA324353D95A}
		{74E79916-B229-4966-9438-3473F276CF4C} = {0954E040-FA6B-4B05-B1CC-DA324353D95A}
		{304D1C17-CC22-4D0D-A127-D7DFFE6C840E} = {7AD39B46-9402-4EA8-8DFA-04E4C190E72B}
		{564B3A2A-94FA-4032-A3EB-76C0DB5C51D7} = {852FF709-5609-4009-8159-AB7248CF7C56}
		{E92F9B86-A167-4037-B2DF-4E38FF82C2D7} = {74E79916-B229-4966-9438-3473F276CF4C}
		{E40A2307-3D4C-47E3-B3DC-FC105584A6EC} = {74E79916-B229-4966-9438-3473F276CF4C}
		{75746655-F4A0-4DCD-9A01-121C38B7ABBA} = {E92F9B86-A167-4037-B2DF-4E38FF82C2D7}
		{DEF690B7-C3AF-4430-BD76-DEF57F0BC70A} = {E40A2307-3D4C-47E3-B3DC-FC105584A6EC}
		{BEA3A839-24A5-4ACD-B917-094E98505213} = {62446D15-39C4-476F-8745-008E02F725A7}
		{89D98EFD-DA14-4C2B-96D4-C3664AE34BEE} = {BEA3A839-24A5-4ACD-B917-094E98505213}
		{5696EE81-C155-4D6F-8A5E-F022FBB0D153} = {62446D15-39C4-476F-8745-008E02F725A7}
		{97775169-A30F-46B8-A18A-557599332313} = {5696EE81-C155-4D6F-8A5E-F022FBB0D153}
	EndGlobalSection
	GlobalSection(ExtensibilityGlobals) = postSolution
		SolutionGuid = {4C3B9FBC-7664-4233-AB54-3863409F3C9A}
	EndGlobalSection
EndGlobal
